
Microsoft Visual Studio Solution File, Format Version 12.00
# Visual Studio Version 17
VisualStudioVersion = 17.2.32630.192
MinimumVisualStudioVersion = 10.0.40219.1
Project("{9A19103F-16F7-4668-BE54-9A1E7A4F7556}") = "AirportManagement", "AirportManagement\AirportManagement.csproj", "{DAC0EA21-6EC8-4AA1-B4D0-DAA53AEEB6B2}"
EndProject
Global
	GlobalSection(SolutionConfigurationPlatforms) = preSolution
		Debug|Any CPU = Debug|Any CPU
		Release|Any CPU = Release|Any CPU
	EndGlobalSection
	GlobalSection(ProjectConfigurationPlatforms) = postSolution
		{DAC0EA21-6EC8-4AA1-B4D0-DAA53AEEB6B2}.Debug|Any CPU.ActiveCfg = Debug|Any CPU
		{DAC0EA21-6EC8-4AA1-B4D0-DAA53AEEB6B2}.Debug|Any CPU.Build.0 = Debug|Any CPU
		{DAC0EA21-6EC8-4AA1-B4D0-DAA53AEEB6B2}.Release|Any CPU.ActiveCfg = Release|Any CPU
		{DAC0EA21-6EC8-4AA1-B4D0-DAA53AEEB6B2}.Release|Any CPU.Build.0 = Release|Any CPU
	EndGlobalSection
	GlobalSection(SolutionProperties) = preSolution
		HideSolutionNode = FALSE
	EndGlobalSection
	GlobalSection(ExtensibilityGlobals) = postSolution
		SolutionGuid = {7D3C9123-674C-4376-96B7-DD6C5D3CD376}
	EndGlobalSection
EndGlobal
